
Microsoft Visual Studio Solution File, Format Version 12.00
# Visual Studio Version 16
VisualStudioVersion = 16.0.30517.126
MinimumVisualStudioVersion = 10.0.40219.1
Project("{8BC9CEB8-8B4A-11D0-8D11-00A0C91BC942}") = "game_by_yxf", "game_by_yxf.vcxproj", "{E32C95A6-C21D-44B7-A1EA-37081CB40C93}"
EndProject
Global
	GlobalSection(SolutionConfigurationPlatforms) = preSolution
		Debug|x64 = Debug|x64
		Debug|x86 = Debug|x86
		Release|x64 = Release|x64
		Release|x86 = Release|x86
	EndGlobalSection
	GlobalSection(ProjectConfigurationPlatforms) = postSolution
		{E32C95A6-C21D-44B7-A1EA-37081CB40C93}.Debug|x64.ActiveCfg = Debug|x64
		{E32C95A6-C21D-44B7-A1EA-37081CB40C93}.Debug|x64.Build.0 = Debug|x64
		{E32C95A6-C21D-44B7-A1EA-37081CB40C93}.Debug|x86.ActiveCfg = Debug|Win32
		{E32C95A6-C21D-44B7-A1EA-37081CB40C93}.Debug|x86.Build.0 = Debug|Win32
		{E32C95A6-C21D-44B7-A1EA-37081CB40C93}.Release|x64.ActiveCfg = Release|x64
		{E32C95A6-C21D-44B7-A1EA-37081CB40C93}.Release|x64.Build.0 = Release|x64
		{E32C95A6-C21D-44B7-A1EA-37081CB40C93}.Release|x86.ActiveCfg = Release|Win32
		{E32C95A6-C21D-44B7-A1EA-37081CB40C93}.Release|x86.Build.0 = Release|Win32
	EndGlobalSection
	GlobalSection(SolutionProperties) = preSolution
		HideSolutionNode = FALSE
	EndGlobalSection
	GlobalSection(ExtensibilityGlobals) = postSolution
		SolutionGuid = {47B8F1C9-CBC0-4A0A-8447-E7C471DF2F1D}
	EndGlobalSection
EndGlobal
